
Microsoft Visual Studio Solution File, Format Version 12.00
# Visual Studio Version 17
VisualStudioVersion = 17.5.33209.295
MinimumVisualStudioVersion = 10.0.40219.1
Project("{9A19103F-16F7-4668-BE54-9A1E7A4F7556}") = "SeedEncryptWinApp", "SeedEncryptWinApp.csproj", "{9326F269-B100-487F-AB7C-4491BA58D02E}"
EndProject
Project("{9A19103F-16F7-4668-BE54-9A1E7A4F7556}") = "SeedEncrypt", "..\SeedEncrypt\SeedEncrypt.csproj", "{A0A450D7-9D4F-4C4B-BB94-1285EDEE6507}"
EndProject
Project("{9A19103F-16F7-4668-BE54-9A1E7A4F7556}") = "SeedEncrypt.UI.Core", "..\SeedEncrypt.UI.Core\SeedEncrypt.UI.Core.csproj", "{3711FB95-E3FE-4F1D-AC24-8AF43BFC4B6E}"
EndProject
Global
	GlobalSection(SolutionConfigurationPlatforms) = preSolution
		Debug|Any CPU = Debug|Any CPU
		Debug|ARM64 = Debug|ARM64
		Debug|x64 = Debug|x64
		Debug|x86 = Debug|x86
		Release|Any CPU = Release|Any CPU
		Release|ARM64 = Release|ARM64
		Release|x64 = Release|x64
		Release|x86 = Release|x86
	EndGlobalSection
	GlobalSection(ProjectConfigurationPlatforms) = postSolution
		{9326F269-B100-487F-AB7C-4491BA58D02E}.Debug|Any CPU.ActiveCfg = Debug|x64
		{9326F269-B100-487F-AB7C-4491BA58D02E}.Debug|Any CPU.Build.0 = Debug|x64
		{9326F269-B100-487F-AB7C-4491BA58D02E}.Debug|Any CPU.Deploy.0 = Debug|x64
		{9326F269-B100-487F-AB7C-4491BA58D02E}.Debug|ARM64.ActiveCfg = Debug|ARM64
		{9326F269-B100-487F-AB7C-4491BA58D02E}.Debug|ARM64.Build.0 = Debug|ARM64
		{9326F269-B100-487F-AB7C-4491BA58D02E}.Debug|ARM64.Deploy.0 = Debug|ARM64
		{9326F269-B100-487F-AB7C-4491BA58D02E}.Debug|x64.ActiveCfg = Debug|x64
		{9326F269-B100-487F-AB7C-4491BA58D02E}.Debug|x64.Build.0 = Debug|x64
		{9326F269-B100-487F-AB7C-4491BA58D02E}.Debug|x64.Deploy.0 = Debug|x64
		{9326F269-B100-487F-AB7C-4491BA58D02E}.Debug|x86.ActiveCfg = Debug|x86
		{9326F269-B100-487F-AB7C-4491BA58D02E}.Debug|x86.Build.0 = Debug|x86
		{9326F269-B100-487F-AB7C-4491BA58D02E}.Debug|x86.Deploy.0 = Debug|x86
		{9326F269-B100-487F-AB7C-4491BA58D02E}.Release|Any CPU.ActiveCfg = Release|x64
		{9326F269-B100-487F-AB7C-4491BA58D02E}.Release|Any CPU.Build.0 = Release|x64
		{9326F269-B100-487F-AB7C-4491BA58D02E}.Release|Any CPU.Deploy.0 = Release|x64
		{9326F269-B100-487F-AB7C-4491BA58D02E}.Release|ARM64.ActiveCfg = Release|ARM64
		{9326F269-B100-487F-AB7C-4491BA58D02E}.Release|ARM64.Build.0 = Release|ARM64
		{9326F269-B100-487F-AB7C-4491BA58D02E}.Release|ARM64.Deploy.0 = Release|ARM64
		{9326F269-B100-487F-AB7C-4491BA58D02E}.Release|x64.ActiveCfg = Release|x64
		{9326F269-B100-487F-AB7C-4491BA58D02E}.Release|x64.Build.0 = Release|x64
		{9326F269-B100-487F-AB7C-4491BA58D02E}.Release|x64.Deploy.0 = Release|x64
		{9326F269-B100-487F-AB7C-4491BA58D02E}.Release|x86.ActiveCfg = Release|x86
		{9326F269-B100-487F-AB7C-4491BA58D02E}.Release|x86.Build.0 = Release|x86
		{9326F269-B100-487F-AB7C-4491BA58D02E}.Release|x86.Deploy.0 = Release|x86
		{A0A450D7-9D4F-4C4B-BB94-1285EDEE6507}.Debug|Any CPU.ActiveCfg = Debug|Any CPU
		{A0A450D7-9D4F-4C4B-BB94-1285EDEE6507}.Debug|Any CPU.Build.0 = Debug|Any CPU
		{A0A450D7-9D4F-4C4B-BB94-1285EDEE6507}.Debug|ARM64.ActiveCfg = Debug|Any CPU
		{A0A450D7-9D4F-4C4B-BB94-1285EDEE6507}.Debug|ARM64.Build.0 = Debug|Any CPU
		{A0A450D7-9D4F-4C4B-BB94-1285EDEE6507}.Debug|x64.ActiveCfg = Debug|Any CPU
		{A0A450D7-9D4F-4C4B-BB94-1285EDEE6507}.Debug|x64.Build.0 = Debug|Any CPU
		{A0A450D7-9D4F-4C4B-BB94-1285EDEE6507}.Debug|x86.ActiveCfg = Debug|Any CPU
		{A0A450D7-9D4F-4C4B-BB94-1285EDEE6507}.Debug|x86.Build.0 = Debug|Any CPU
		{A0A450D7-9D4F-4C4B-BB94-1285EDEE6507}.Release|Any CPU.ActiveCfg = Release|Any CPU
		{A0A450D7-9D4F-4C4B-BB94-1285EDEE6507}.Release|Any CPU.Build.0 = Release|Any CPU
		{A0A450D7-9D4F-4C4B-BB94-1285EDEE6507}.Release|ARM64.ActiveCfg = Release|Any CPU
		{A0A450D7-9D4F-4C4B-BB94-1285EDEE6507}.Release|ARM64.Build.0 = Release|Any CPU
		{A0A450D7-9D4F-4C4B-BB94-1285EDEE6507}.Release|x64.ActiveCfg = Release|Any CPU
		{A0A450D7-9D4F-4C4B-BB94-1285EDEE6507}.Release|x64.Build.0 = Release|Any CPU
		{A0A450D7-9D4F-4C4B-BB94-1285EDEE6507}.Release|x86.ActiveCfg = Release|Any CPU
		{A0A450D7-9D4F-4C4B-BB94-1285EDEE6507}.Release|x86.Build.0 = Release|Any CPU
		{3711FB95-E3FE-4F1D-AC24-8AF43BFC4B6E}.Debug|Any CPU.ActiveCfg = Debug|Any CPU
		{3711FB95-E3FE-4F1D-AC24-8AF43BFC4B6E}.Debug|Any CPU.Build.0 = Debug|Any CPU
		{3711FB95-E3FE-4F1D-AC24-8AF43BFC4B6E}.Debug|ARM64.ActiveCfg = Debug|Any CPU
		{3711FB95-E3FE-4F1D-AC24-8AF43BFC4B6E}.Debug|ARM64.Build.0 = Debug|Any CPU
		{3711FB95-E3FE-4F1D-AC24-8AF43BFC4B6E}.Debug|x64.ActiveCfg = Debug|Any CPU
		{3711FB95-E3FE-4F1D-AC24-8AF43BFC4B6E}.Debug|x64.Build.0 = Debug|Any CPU
		{3711FB95-E3FE-4F1D-AC24-8AF43BFC4B6E}.Debug|x86.ActiveCfg = Debug|Any CPU
		{3711FB95-E3FE-4F1D-AC24-8AF43BFC4B6E}.Debug|x86.Build.0 = Debug|Any CPU
		{3711FB95-E3FE-4F1D-AC24-8AF43BFC4B6E}.Release|Any CPU.ActiveCfg = Release|Any CPU
		{3711FB95-E3FE-4F1D-AC24-8AF43BFC4B6E}.Release|Any CPU.Build.0 = Release|Any CPU
		{3711FB95-E3FE-4F1D-AC24-8AF43BFC4B6E}.Release|ARM64.ActiveCfg = Release|Any CPU
		{3711FB95-E3FE-4F1D-AC24-8AF43BFC4B6E}.Release|ARM64.Build.0 = Release|Any CPU
		{3711FB95-E3FE-4F1D-AC24-8AF43BFC4B6E}.Release|x64.ActiveCfg = Release|Any CPU
		{3711FB95-E3FE-4F1D-AC24-8AF43BFC4B6E}.Release|x64.Build.0 = Release|Any CPU
		{3711FB95-E3FE-4F1D-AC24-8AF43BFC4B6E}.Release|x86.ActiveCfg = Release|Any CPU
		{3711FB95-E3FE-4F1D-AC24-8AF43BFC4B6E}.Release|x86.Build.0 = Release|Any CPU
	EndGlobalSection
	GlobalSection(SolutionProperties) = preSolution
		HideSolutionNode = FALSE
	EndGlobalSection
	GlobalSection(ExtensibilityGlobals) = postSolution
		SolutionGuid = {AFC4E8E5-595F-44B1-BB3E-21B3C5958823}
	EndGlobalSection
EndGlobal
